# name|immutable image reference
backend-base|python:3.12.10-slim-bookworm@sha256:fd95fa221297a88e1cf49c55ec1828edd7c5a428187e67b5d1805692d11588db
runner-base|gcc:14.2.0-bookworm@sha256:b99b86a28812b1e6453a231a947dc43d76fe192788a12f344a9b568bf9f5d24c
runner-executor-base|debian:bookworm-slim@sha256:7b140f374b289a7c2befc338f42ebe6441b7ea838a042bbd5acbfca6ec875818
